Microsoft Visual Studio Solution File, Format Version 12.00
# Visual Studio Version 17
VisualStudioVersion = 17.5.2.0
MinimumVisualStudioVersion = 10.0.40219.1
Project("{FAE04EC0-301F-11D3-BF4B-00C04F79EFBC}") = "ProductWeb", "ProductWeb.csproj", "{5E7FA25E-CD2C-CB4E-6DCA-E858978DB4A5}"
EndProject
Global
	GlobalSection(SolutionConfigurationPlatforms) = preSolution
		Debug|Any CPU = Debug|Any CPU
		Release|Any CPU = Release|Any CPU
	EndGlobalSection
	GlobalSection(ProjectConfigurationPlatforms) = postSolution
		{5E7FA25E-CD2C-CB4E-6DCA-E858978DB4A5}.Debug|Any CPU.ActiveCfg = Debug|Any CPU
		{5E7FA25E-CD2C-CB4E-6DCA-E858978DB4A5}.Debug|Any CPU.Build.0 = Debug|Any CPU
		{5E7FA25E-CD2C-CB4E-6DCA-E858978DB4A5}.Release|Any CPU.ActiveCfg = Release|Any CPU
		{5E7FA25E-CD2C-CB4E-6DCA-E858978DB4A5}.Release|Any CPU.Build.0 = Release|Any CPU
	EndGlobalSection
	GlobalSection(SolutionProperties) = preSolution
		HideSolutionNode = FALSE
	EndGlobalSection
	GlobalSection(ExtensibilityGlobals) = postSolution
		SolutionGuid = {0BF0247C-EE49-4B56-868E-7C1695006699}
	EndGlobalSection
EndGlobal
